PODS:
  - IGListKit (3.2.0):
    - IGListKit/Default (= 3.2.0)
  - IGListKit/Default (3.2.0):
    - IGListKit/Diffing
  - IGListKit/Diffing (3.2.0)
  - Nimble (7.0.3)
  - Quick (1.2.0)
  - RxCocoa (4.1.2):
    - RxSwift (~> 4.0)
  - RxSwift (4.1.2)
  - SJListKit (1.2.0):
    - IGListKit (~> 3.0)
    - RxCocoa (~> 4.0)
    - RxSwift (~> 4.0)
    - SnapKit (~> 4.0)
  - SnapKit (4.0.0)

DEPENDENCIES:
  - Nimble (~> 7.0.2)
  - Quick (~> 1.2.0)
  - SJListKit (from `../`)

EXTERNAL SOURCES:
  SJListKit:
    :path: ../

SPEC CHECKSUMS:
  IGListKit: ffe6f98a728ab0250aceea22e7957aa5477c5048
  Nimble: 7f5a9c447a33002645a071bddafbfb24ea70e0ac
  Quick: 58d203b1c5e27fff7229c4c1ae445ad7069a7a08
  RxCocoa: d88ba0f1f6abf040011a9eb4b539324fc426843a
  RxSwift: e49536837d9901277638493ea537394d4b55f570
  SJListKit: f244cac773368c91bcee10be49c0e591a66cb4b0
  SnapKit: a42d492c16e80209130a3379f73596c3454b7694

PODFILE CHECKSUM: 250ca3f0ed731e628d2e7c9e747c94403c2fcd6c

COCOAPODS: 1.4.0
